<?xml version="1.0" encoding="utf-8"?>
<Project ToolsVersion="4.0" xmlns="http://schemas.microsoft.com/developer/msbuild/2003">
  <ItemGroup>
    <Filter Include="UnitTest Files">
      <UniqueIdentifier>{7957744c-aae2-427a-ae0f-9b95dfb38d57}</UniqueIdentifier>
    </Filter>
  </ItemGroup>
  <ItemGroup>
    <ClCompile Include="imdb.cpp">
      <Filter>UnitTest Files</Filter>
    </ClCompile>
    <ClCompile Include="syslog.cpp">
      <Filter>UnitTest Files</Filter>
    </ClCompile>
    <ClCompile Include="services.cpp">
      <Filter>UnitTest Files</Filter>
    </ClCompile>
    <ClCompile Include="udpctl.cpp">
      <Filter>UnitTest Files</Filter>
    </ClCompile>
    <ClCompile Include="dtlv.cpp\dtlv.cpp">
      <Filter>UnitTest Files</Filter>
    </ClCompile>
    <ClCompile Include="lsh.cpp">
      <Filter>UnitTest Files</Filter>
    </ClCompile>
    <ClCompile Include="idxhash.cpp">
      <Filter>UnitTest Files</Filter>
    </ClCompile>
  </ItemGroup>
</Project>